
Microsoft Visual Studio Solution File, Format Version 12.00
# Visual Studio Version 17
VisualStudioVersion = 17.3.32825.248
MinimumVisualStudioVersion = 10.0.40219.1
Project("{FAE04EC0-301F-11D3-BF4B-00C04F79EFBC}") = "Calc", "Calc\Calc.csproj", "{D56753F2-0A3C-424A-A80B-C2055DB19981}"
EndProject
Global
	GlobalSection(SolutionConfigurationPlatforms) = preSolution
		Debug|Any CPU = Debug|Any CPU
		Release|Any CPU = Release|Any CPU
	EndGlobalSection
	GlobalSection(ProjectConfigurationPlatforms) = postSolution
		{D56753F2-0A3C-424A-A80B-C2055DB19981}.Debug|Any CPU.ActiveCfg = Debug|Any CPU
		{D56753F2-0A3C-424A-A80B-C2055DB19981}.Debug|Any CPU.Build.0 = Debug|Any CPU
		{D56753F2-0A3C-424A-A80B-C2055DB19981}.Release|Any CPU.ActiveCfg = Release|Any CPU
		{D56753F2-0A3C-424A-A80B-C2055DB19981}.Release|Any CPU.Build.0 = Release|Any CPU
	EndGlobalSection
	GlobalSection(SolutionProperties) = preSolution
		HideSolutionNode = FALSE
	EndGlobalSection
	GlobalSection(ExtensibilityGlobals) = postSolution
		SolutionGuid = {FB90FF61-AEFB-4E19-B991-0AB2E7C3B83A}
	EndGlobalSection
EndGlobal
